<?xml version="1.0" encoding="utf-8"?>
<Project ToolsVersion="4.0" xmlns="http://schemas.microsoft.com/developer/msbuild/2003">
  <ItemGroup>
    <Filter Include="リソース ファイル">
      <UniqueIdentifier>{67DA6AB6-F800-4c08-8B7A-83BB121AAD01}</UniqueIdentifier>
      <Extensions>rc;ico;cur;bmp;dlg;rc2;rct;bin;rgs;gif;jpg;jpeg;jpe;resx;tiff;tif;png;wav;mfcribbon-ms</Extensions>
    </Filter>
    <Filter Include="Shader">
      <UniqueIdentifier>{bc885f7f-9621-478f-8043-71e1d7e3ad9b}</UniqueIdentifier>
    </Filter>
    <Filter Include="System">
      <UniqueIdentifier>{4FC737F1-C7A5-4376-A066-2A32D752A2FF}</UniqueIdentifier>
      <Extensions>cpp;c;cc;cxx;c++;cppm;ixx;def;odl;idl;hpj;bat;asm;asmx</Extensions>
    </Filter>
    <Filter Include="GameObject">
      <UniqueIdentifier>{93995380-89BD-4b04-88EB-625FBE52EBFB}</UniqueIdentifier>
      <Extensions>h;hh;hpp;hxx;h++;hm;inl;inc;ipp;xsd</Extensions>
    </Filter>
    <Filter Include="ResourceManager">
      <UniqueIdentifier>{6deee311-f715-4106-93ed-719def8ea8d3}</UniqueIdentifier>
    </Filter>
    <Filter Include="GameObject\MainObjects">
      <UniqueIdentifier>{b99f1c4a-de82-4cd6-ab1b-87a06bffeae2}</UniqueIdentifier>
    </Filter>
    <Filter Include="GameObject\Scene">
      <UniqueIdentifier>{059a7e1f-5d31-412a-b884-38b36722b802}</UniqueIdentifier>
    </Filter>
    <Filter Include="GameObject\TitleSceneObject">
      <UniqueIdentifier>{5454a3e0-576b-456b-af6c-74b83e37f1d6}</UniqueIdentifier>
    </Filter>
    <Filter Include="GameObject\ResultSceneObject">
      <UniqueIdentifier>{c595b27b-410d-4744-9b25-74396cec665c}</UniqueIdentifier>
    </Filter>
    <Filter Include="GameObject\UI">
      <UniqueIdentifier>{276129fd-b2ab-440a-a1b6-cc410f805813}</UniqueIdentifier>
    </Filter>
    <Filter Include="GameObject\Component">
      <UniqueIdentifier>{bb284d9c-7aff-42a8-b48d-6f145cf37d9b}</UniqueIdentifier>
    </Filter>
    <Filter Include="GameObject\Component\Draw">
      <UniqueIdentifier>{6b08c03b-7f99-4aa3-a6e4-1ff67f4dd1d3}</UniqueIdentifier>
    </Filter>
    <Filter Include="GameObject\Object">
      <UniqueIdentifier>{2bb4d41a-51ae-4dd4-b05b-402c95105797}</UniqueIdentifier>
    </Filter>
    <Filter Include="GameObject\Object\GameSceneObject">
      <UniqueIdentifier>{b63413e0-97a8-468c-a731-e4893244f6c7}</UniqueIdentifier>
    </Filter>
    <Filter Include="GameObject\Object\GameSceneObject\StageObjects">
      <UniqueIdentifier>{5a56da16-3bde-4a78-8040-cba5d356de23}</UniqueIdentifier>
    </Filter>
    <Filter Include="GameObject\Object\GameSceneObject\MoveObjects">
      <UniqueIdentifier>{272c1c9e-e7ea-41b3-a582-d7d161613376}</UniqueIdentifier>
    </Filter>
    <Filter Include="GameObject\Object\GameSceneObject\MoveObjects\Bullet">
      <UniqueIdentifier>{f020f1ea-6b40-4061-84a6-9a4016926191}</UniqueIdentifier>
    </Filter>
    <Filter Include="GameObject\Object\GameSceneObject\Effect">
      <UniqueIdentifier>{7404b7f8-06d8-4d3c-883e-d086b6c6f2a8}</UniqueIdentifier>
    </Filter>
    <Filter Include="GameObject\Component\Function">
      <UniqueIdentifier>{f842ca22-ed3d-4f69-857d-168d0bac4323}</UniqueIdentifier>
    </Filter>
    <Filter Include="GameObject\Component\Collision">
      <UniqueIdentifier>{c50465a7-e935-46e2-88a4-a160a34bbe44}</UniqueIdentifier>
    </Filter>
    <Filter Include="GameObject\Component\UI">
      <UniqueIdentifier>{032dd5b2-6f82-4c1c-86b9-86b8adc08563}</UniqueIdentifier>
    </Filter>
    <Filter Include="GameObject\Component\UI\2D">
      <UniqueIdentifier>{eb084f03-22db-4329-b24f-36c4619b26b5}</UniqueIdentifier>
    </Filter>
    <Filter Include="GameObject\Component\UI\3D">
      <UniqueIdentifier>{7627deba-eab6-4494-9c52-86ffeef6bd48}</UniqueIdentifier>
    </Filter>
    <Filter Include="GameObject\ComponentObject">
      <UniqueIdentifier>{907161ae-b483-458a-b63a-252891e0737f}</UniqueIdentifier>
    </Filter>
    <Filter Include="GameObject\ComponentObject\2D">
      <UniqueIdentifier>{6b9106f2-f228-4536-82ef-948ad40796fe}</UniqueIdentifier>
    </Filter>
    <Filter Include="GameObject\ComponentObject\3D">
      <UniqueIdentifier>{87aa624b-020f-4759-baf0-972fed034ee5}</UniqueIdentifier>
    </Filter>
    <Filter Include="GameObject\ComponentObject\Enemy">
      <UniqueIdentifier>{84e28b46-f434-426e-a885-af12eefef1e2}</UniqueIdentifier>
    </Filter>
    <Filter Include="GameObject\Component\Utility">
      <UniqueIdentifier>{02c83534-6b22-4787-9a0e-89c94a333384}</UniqueIdentifier>
    </Filter>
    <Filter Include="GameObject\Component\main">
      <UniqueIdentifier>{dac259f8-1c7c-4a39-b0ce-55804eb90db7}</UniqueIdentifier>
    </Filter>
    <Filter Include="GameObject\Component\Special">
      <UniqueIdentifier>{2d6f8811-7172-47e4-8b65-b7528cfa9b5c}</UniqueIdentifier>
    </Filter>
    <Filter Include="System\First">
      <UniqueIdentifier>{6f0060ed-d2b5-45b6-b0f7-db261f582662}</UniqueIdentifier>
    </Filter>
    <Filter Include="System\Garbage">
      <UniqueIdentifier>{b4c13a83-eeb5-429e-a2ed-633b9a90d551}</UniqueIdentifier>
    </Filter>
    <Filter Include="System\Main">
      <UniqueIdentifier>{35ad4876-67a2-4938-8865-71de3a702bc0}</UniqueIdentifier>
    </Filter>
    <Filter Include="System\ImGui">
      <UniqueIdentifier>{95423d22-b33f-44fa-90e0-22967027fb2c}</UniqueIdentifier>
    </Filter>
    <Filter Include="System\ImGui\backend">
      <UniqueIdentifier>{37c5065b-c6cc-4212-b7ad-9140c9004d97}</UniqueIdentifier>
    </Filter>
    <Filter Include="System\MyImGui">
      <UniqueIdentifier>{3915d21c-2ef7-47f1-89ff-61434127e50d}</UniqueIdentifier>
    </Filter>
    <Filter Include="GameObject\Particle">
      <UniqueIdentifier>{dfcade28-4a46-4337-aa54-4fc65b4f4d6a}</UniqueIdentifier>
    </Filter>
    <Filter Include="Utility">
      <UniqueIdentifier>{1bd45fbd-897d-49df-acc3-378be59057e9}</UniqueIdentifier>
    </Filter>
    <Filter Include="GameObject\factory">
      <UniqueIdentifier>{3bdc758f-6d5b-439b-a2f1-1c3c8486f9a7}</UniqueIdentifier>
    </Filter>
    <Filter Include="Shader\rendering_texture">
      <UniqueIdentifier>{ae0dd937-ea52-4a5d-803b-33e9267ca275}</UniqueIdentifier>
    </Filter>
    <Filter Include="Shader\base">
      <UniqueIdentifier>{a591a935-346a-47e9-b6b1-5dea7f790d64}</UniqueIdentifier>
    </Filter>
    <Filter Include="Shader\noise">
      <UniqueIdentifier>{07e1e845-b454-430a-94e4-798941160160}</UniqueIdentifier>
    </Filter>
    <Filter Include="Shader\enemy">
      <UniqueIdentifier>{99c311d7-1537-4531-9c2a-811f06e856a2}</UniqueIdentifier>
    </Filter>
    <Filter Include="Shader\base\environment">
      <UniqueIdentifier>{19e4480e-e787-412e-ad1c-822a38415071}</UniqueIdentifier>
    </Filter>
  </ItemGroup>
  <ItemGroup>
    <ClCompile Include="texture.cpp">
      <Filter>ResourceManager</Filter>
    </ClCompile>
    <ClCompile Include="model.cpp">
      <Filter>ResourceManager</Filter>
    </ClCompile>
    <ClCompile Include="vertexShader.cpp">
      <Filter>ResourceManager</Filter>
    </ClCompile>
    <ClCompile Include="ao_sphere.cpp">
      <Filter>GameObject\Object\GameSceneObject\StageObjects</Filter>
    </ClCompile>
    <ClCompile Include="field.cpp">
      <Filter>GameObject\Object\GameSceneObject\StageObjects</Filter>
    </ClCompile>
    <ClCompile Include="stage_corridor.cpp">
      <Filter>GameObject\Object\GameSceneObject\StageObjects</Filter>
    </ClCompile>
    <ClCompile Include="item.cpp">
      <Filter>GameObject\Object\GameSceneObject\MoveObjects</Filter>
    </ClCompile>
    <ClCompile Include="camera.cpp">
      <Filter>GameObject\MainObjects</Filter>
    </ClCompile>
    <ClCompile Include="player.cpp">
      <Filter>GameObject\MainObjects</Filter>
    </ClCompile>
    <ClCompile Include="stage_corridor_corner.cpp">
      <Filter>GameObject\Object\GameSceneObject\StageObjects</Filter>
    </ClCompile>
    <ClCompile Include="stage_otorii.cpp">
      <Filter>GameObject\Object\GameSceneObject\StageObjects</Filter>
    </ClCompile>
    <ClCompile Include="stage_wator_field.cpp">
      <Filter>GameObject\Object\GameSceneObject\StageObjects</Filter>
    </ClCompile>
    <ClCompile Include="game_scene.cpp">
      <Filter>GameObject\Scene</Filter>
    </ClCompile>
    <ClCompile Include="title_scene.cpp">
      <Filter>GameObject\Scene</Filter>
    </ClCompile>
    <ClCompile Include="title_polygon.cpp">
      <Filter>GameObject\TitleSceneObject</Filter>
    </ClCompile>
    <ClCompile Include="effect_explosion.cpp">
      <Filter>GameObject\Object\GameSceneObject\Effect</Filter>
    </ClCompile>
    <ClCompile Include="result_scene.cpp">
      <Filter>GameObject\Scene</Filter>
    </ClCompile>
    <ClCompile Include="shadow.cpp">
      <Filter>GameObject\Object\GameSceneObject\StageObjects</Filter>
    </ClCompile>
    <ClCompile Include="shoot_bullet_amass.cpp">
      <Filter>GameObject\Object\GameSceneObject\MoveObjects\Bullet</Filter>
    </ClCompile>
    <ClCompile Include="shoot_bullet_idle.cpp">
      <Filter>GameObject\Object\GameSceneObject\MoveObjects\Bullet</Filter>
    </ClCompile>
    <ClCompile Include="shoot_bullet_shoot.cpp">
      <Filter>GameObject\Object\GameSceneObject\MoveObjects\Bullet</Filter>
    </ClCompile>
    <ClCompile Include="ui_charge.cpp">
      <Filter>GameObject\UI</Filter>
    </ClCompile>
    <ClCompile Include="ui_score.cpp">
      <Filter>GameObject\UI</Filter>
    </ClCompile>
    <ClCompile Include="user_interface.cpp">
      <Filter>GameObject\UI</Filter>
    </ClCompile>
    <ClCompile Include="imgui\imgui.cpp">
      <Filter>System\ImGui</Filter>
    </ClCompile>
    <ClCompile Include="imgui\imgui_demo.cpp">
      <Filter>System\ImGui</Filter>
    </ClCompile>
    <ClCompile Include="imgui\imgui_draw.cpp">
      <Filter>System\ImGui</Filter>
    </ClCompile>
    <ClCompile Include="imgui\imgui_tables.cpp">
      <Filter>System\ImGui</Filter>
    </ClCompile>
    <ClCompile Include="imgui\imgui_widgets.cpp">
      <Filter>System\ImGui</Filter>
    </ClCompile>
    <ClCompile Include="imgui\backends\imgui_impl_dx11.cpp">
      <Filter>System\ImGui\backend</Filter>
    </ClCompile>
    <ClCompile Include="imgui\backends\imgui_impl_win32.cpp">
      <Filter>System\ImGui\backend</Filter>
    </ClCompile>
    <ClCompile Include="matrix_component.cpp">
      <Filter>GameObject\Component\Draw</Filter>
    </ClCompile>
    <ClCompile Include="shader_component.cpp">
      <Filter>GameObject\Component\Draw</Filter>
    </ClCompile>
    <ClCompile Include="stage_limit_component.cpp">
      <Filter>GameObject\Component\Function</Filter>
    </ClCompile>
    <ClCompile Include="user_interface_animation.cpp">
      <Filter>GameObject\UI</Filter>
    </ClCompile>
    <ClCompile Include="imgui_component.cpp">
      <Filter>GameObject\Component\Draw</Filter>
    </ClCompile>
    <ClCompile Include="model_variable.cpp">
      <Filter>ResourceManager</Filter>
    </ClCompile>
    <ClCompile Include="rotate2d_component.cpp">
      <Filter>GameObject\Component\UI\2D</Filter>
    </ClCompile>
    <ClCompile Include="user_interface_component.cpp">
      <Filter>GameObject\Component\UI\2D</Filter>
    </ClCompile>
    <ClCompile Include="enemy_wave_1_3.cpp">
      <Filter>GameObject\ComponentObject\Enemy</Filter>
    </ClCompile>
    <ClCompile Include="enemy_wave_2_3.cpp">
      <Filter>GameObject\ComponentObject\Enemy</Filter>
    </ClCompile>
    <ClCompile Include="enemy_wave_3_3.cpp">
      <Filter>GameObject\ComponentObject\Enemy</Filter>
    </ClCompile>
    <ClCompile Include="game_scene2.cpp">
      <Filter>GameObject\Scene</Filter>
    </ClCompile>
    <ClCompile Include="game_scene3.cpp">
      <Filter>GameObject\Scene</Filter>
    </ClCompile>
    <ClCompile Include="defeat_scene.cpp">
      <Filter>GameObject\Scene</Filter>
    </ClCompile>
    <ClCompile Include="transition.cpp">
      <Filter>GameObject\Scene</Filter>
    </ClCompile>
    <ClCompile Include="audio.cpp">
      <Filter>System\Main</Filter>
    </ClCompile>
    <ClCompile Include="input.cpp">
      <Filter>System\Main</Filter>
    </ClCompile>
    <ClCompile Include="main.cpp">
      <Filter>System\Main</Filter>
    </ClCompile>
    <ClCompile Include="manager.cpp">
      <Filter>System\Main</Filter>
    </ClCompile>
    <ClCompile Include="pixelShader.cpp">
      <Filter>ResourceManager</Filter>
    </ClCompile>
    <ClCompile Include="renderer.cpp">
      <Filter>System\Main</Filter>
    </ClCompile>
    <ClCompile Include="hp_component.cpp">
      <Filter>GameObject\Component\Utility</Filter>
    </ClCompile>
    <ClCompile Include="bullet_component.cpp">
      <Filter>GameObject\Component\Special</Filter>
    </ClCompile>
    <ClCompile Include="result_polygon.cpp">
      <Filter>System\First</Filter>
    </ClCompile>
    <ClCompile Include="monochrome_component.cpp">
      <Filter>GameObject\Component\Special</Filter>
    </ClCompile>
    <ClCompile Include="imgui_object.cpp">
      <Filter>System\MyImGui</Filter>
    </ClCompile>
    <ClCompile Include="polygon2d.cpp">
      <Filter>System\First</Filter>
    </ClCompile>
    <ClCompile Include="particle_object_2d.cpp">
      <Filter>GameObject\Particle</Filter>
    </ClCompile>
    <ClCompile Include="particle_object.cpp">
      <Filter>GameObject\Particle</Filter>
    </ClCompile>
    <ClCompile Include="collision.cpp">
      <Filter>System\Garbage</Filter>
    </ClCompile>
    <ClCompile Include="cube2d.cpp">
      <Filter>System\Garbage</Filter>
    </ClCompile>
    <ClCompile Include="animation_model.cpp">
      <Filter>ResourceManager</Filter>
    </ClCompile>
    <ClCompile Include="polygon3d_component.cpp">
      <Filter>GameObject\Component\UI\3D</Filter>
    </ClCompile>
    <ClCompile Include="co_mesh_field.cpp">
      <Filter>GameObject\ComponentObject\3D</Filter>
    </ClCompile>
    <ClCompile Include="debug_scene.cpp">
      <Filter>GameObject\Scene</Filter>
    </ClCompile>
    <ClCompile Include="prism.cpp">
      <Filter>GameObject</Filter>
    </ClCompile>
    <ClCompile Include="switching_renderer.cpp">
      <Filter>GameObject</Filter>
    </ClCompile>
    <ClCompile Include="cylinder.cpp">
      <Filter>GameObject\Object\GameSceneObject\StageObjects</Filter>
    </ClCompile>
    <ClCompile Include="enemy_generate.cpp">
      <Filter>GameObject\ComponentObject\Enemy</Filter>
    </ClCompile>
    <ClCompile Include="ui_factory.cpp">
      <Filter>GameObject\factory</Filter>
    </ClCompile>
    <ClCompile Include="player_factory.cpp">
      <Filter>GameObject\factory</Filter>
    </ClCompile>
    <ClCompile Include="collision_component.cpp">
      <Filter>GameObject\Component\Collision</Filter>
    </ClCompile>
    <ClCompile Include="collision_component_player.cpp">
      <Filter>GameObject\Component\Collision</Filter>
    </ClCompile>
    <ClCompile Include="animation_model_component.cpp">
      <Filter>GameObject\Component\Draw</Filter>
    </ClCompile>
    <ClCompile Include="stage_limit_delete_component.cpp">
      <Filter>GameObject\Component\Function</Filter>
    </ClCompile>
    <ClCompile Include="TrackingComponent.cpp">
      <Filter>GameObject\Component\Function</Filter>
    </ClCompile>
    <ClCompile Include="blink_alpha2d_component.cpp">
      <Filter>GameObject\Component\UI\2D</Filter>
    </ClCompile>
    <ClCompile Include="ModelColorChangeComponent_Titlebg.cpp">
      <Filter>GameObject\Component\UI\3D</Filter>
    </ClCompile>
    <ClCompile Include="vertex_change_to_game_component.cpp">
      <Filter>GameObject\Component\UI\3D</Filter>
    </ClCompile>
    <ClCompile Include="CO_Stand.cpp">
      <Filter>System</Filter>
    </ClCompile>
    <ClCompile Include="CO_UI_Default.cpp">
      <Filter>System</Filter>
    </ClCompile>
    <ClCompile Include="ImGuiComponent_Enemy.cpp">
      <Filter>System</Filter>
    </ClCompile>
    <ClCompile Include="Singleton.cpp">
      <Filter>System</Filter>
    </ClCompile>
    <ClCompile Include="count_component.cpp">
      <Filter>GameObject\Component\Utility</Filter>
    </ClCompile>
    <ClCompile Include="co_confirmation.cpp">
      <Filter>GameObject\ComponentObject\2D</Filter>
    </ClCompile>
    <ClCompile Include="co_select.cpp">
      <Filter>GameObject\ComponentObject\2D</Filter>
    </ClCompile>
    <ClCompile Include="co_ui_aimling.cpp">
      <Filter>GameObject\ComponentObject\2D</Filter>
    </ClCompile>
    <ClCompile Include="co_ui_dot.cpp">
      <Filter>GameObject\ComponentObject\2D</Filter>
    </ClCompile>
    <ClCompile Include="co_ui_line.cpp">
      <Filter>GameObject\ComponentObject\2D</Filter>
    </ClCompile>
    <ClCompile Include="co_ui_player_hp_gauge.cpp">
      <Filter>GameObject\ComponentObject\2D</Filter>
    </ClCompile>
    <ClCompile Include="co_ui_quest.cpp">
      <Filter>GameObject\ComponentObject\2D</Filter>
    </ClCompile>
    <ClCompile Include="co_ui_quest_belt.cpp">
      <Filter>GameObject\ComponentObject\2D</Filter>
    </ClCompile>
    <ClCompile Include="co_ui_quest_purpose.cpp">
      <Filter>GameObject\ComponentObject\2D</Filter>
    </ClCompile>
    <ClCompile Include="blink_scale_component.cpp">
      <Filter>GameObject\Component\Function</Filter>
    </ClCompile>
    <ClCompile Include="collision_component_bullet.cpp">
      <Filter>GameObject\Component\Collision</Filter>
    </ClCompile>
    <ClCompile Include="collision_component_enemy.cpp">
      <Filter>GameObject\Component\Collision</Filter>
    </ClCompile>
    <ClCompile Include="confirmation_component.cpp">
      <Filter>GameObject\Component\UI\2D</Filter>
    </ClCompile>
    <ClCompile Include="blink_component.cpp">
      <Filter>GameObject\Component\UI\2D</Filter>
    </ClCompile>
    <ClCompile Include="gravity_component.cpp">
      <Filter>GameObject\Component\Function</Filter>
    </ClCompile>
    <ClCompile Include="jump_component.cpp">
      <Filter>GameObject\Component\Function</Filter>
    </ClCompile>
    <ClCompile Include="random_jump_component.cpp">
      <Filter>GameObject\Component\Function</Filter>
    </ClCompile>
    <ClCompile Include="random_velocity_component.cpp">
      <Filter>GameObject\Component\Function</Filter>
    </ClCompile>
    <ClCompile Include="model_draw_component.cpp">
      <Filter>GameObject\Component\Draw</Filter>
    </ClCompile>
    <ClCompile Include="vertex_changer_color_component.cpp">
      <Filter>GameObject\Component\UI\3D</Filter>
    </ClCompile>
    <ClCompile Include="shoot_bullet_component.cpp">
      <Filter>GameObject\Component\Special</Filter>
    </ClCompile>
    <ClCompile Include="velocity_component.cpp">
      <Filter>GameObject\Component\Function</Filter>
    </ClCompile>
    <ClCompile Include="rendering_texture.cpp">
      <Filter>GameObject</Filter>
    </ClCompile>
    <ClCompile Include="stdafx.cpp">
      <Filter>リソース ファイル</Filter>
    </ClCompile>
    <ClCompile Include="texture_compoennt.cpp">
      <Filter>GameObject\Component\Draw</Filter>
    </ClCompile>
    <ClCompile Include="enemy.cpp">
      <Filter>GameObject\ComponentObject\Enemy</Filter>
    </ClCompile>
    <ClCompile Include="enemy_interface.cpp">
      <Filter>GameObject\ComponentObject\Enemy</Filter>
    </ClCompile>
    <ClCompile Include="light.cpp">
      <Filter>GameObject\MainObjects</Filter>
    </ClCompile>
    <ClCompile Include="loading_scene.cpp">
      <Filter>System</Filter>
    </ClCompile>
    <ClCompile Include="CO_UI_Select.cpp">
      <Filter>System</Filter>
    </ClCompile>
    <ClCompile Include="CO_UI_Tutorial.cpp">
      <Filter>System</Filter>
    </ClCompile>
    <ClCompile Include="my_imgui.cpp">
      <Filter>System</Filter>
    </ClCompile>
    <ClCompile Include="co_prism.cpp">
      <Filter>System</Filter>
    </ClCompile>
    <ClCompile Include="enemy_factory.cpp">
      <Filter>GameObject\factory</Filter>
    </ClCompile>
    <ClCompile Include="prism_factory.cpp">
      <Filter>System</Filter>
    </ClCompile>
    <ClCompile Include="blink_position_component.cpp">
      <Filter>System</Filter>
    </ClCompile>
    <ClCompile Include="scene.cpp">
      <Filter>GameObject\Scene</Filter>
    </ClCompile>
    <ClCompile Include="chain_of_responsibility.cpp">
      <Filter>System</Filter>
    </ClCompile>
    <ClCompile Include="co_noise_circle.cpp">
      <Filter>System</Filter>
    </ClCompile>
    <ClCompile Include="state_machine.cpp">
      <Filter>System</Filter>
    </ClCompile>
    <ClCompile Include="co_stealth.cpp">
      <Filter>System</Filter>
    </ClCompile>
    <ClCompile Include="shader_resource_view_component.cpp">
      <Filter>System</Filter>
    </ClCompile>
  </ItemGroup>
  <ItemGroup>
    <ClInclude Include="resource_manager.h">
      <Filter>ResourceManager</Filter>
    </ClInclude>
    <ClInclude Include="resource.h">
      <Filter>ResourceManager</Filter>
    </ClInclude>
    <ClInclude Include="texture.h">
      <Filter>ResourceManager</Filter>
    </ClInclude>
    <ClInclude Include="model.h">
      <Filter>ResourceManager</Filter>
    </ClInclude>
    <ClInclude Include="vertexShader.h">
      <Filter>ResourceManager</Filter>
    </ClInclude>
    <ClInclude Include="ao_sphere.h">
      <Filter>GameObject\Object\GameSceneObject\StageObjects</Filter>
    </ClInclude>
    <ClInclude Include="field.h">
      <Filter>GameObject\Object\GameSceneObject\StageObjects</Filter>
    </ClInclude>
    <ClInclude Include="stage_corridor.h">
      <Filter>GameObject\Object\GameSceneObject\StageObjects</Filter>
    </ClInclude>
    <ClInclude Include="stage_corridor_corner.h">
      <Filter>GameObject\Object\GameSceneObject\StageObjects</Filter>
    </ClInclude>
    <ClInclude Include="stage_otorii.h">
      <Filter>GameObject\Object\GameSceneObject\StageObjects</Filter>
    </ClInclude>
    <ClInclude Include="stage_wator_field.h">
      <Filter>GameObject\Object\GameSceneObject\StageObjects</Filter>
    </ClInclude>
    <ClInclude Include="pixelShader.h">
      <Filter>ResourceManager</Filter>
    </ClInclude>
    <ClInclude Include="item.h">
      <Filter>GameObject\Object\GameSceneObject\MoveObjects</Filter>
    </ClInclude>
    <ClInclude Include="camera.h">
      <Filter>GameObject\MainObjects</Filter>
    </ClInclude>
    <ClInclude Include="gameObject.h">
      <Filter>GameObject\MainObjects</Filter>
    </ClInclude>
    <ClInclude Include="light.h">
      <Filter>GameObject\MainObjects</Filter>
    </ClInclude>
    <ClInclude Include="player.h">
      <Filter>GameObject\MainObjects</Filter>
    </ClInclude>
    <ClInclude Include="scene.h">
      <Filter>GameObject\Scene</Filter>
    </ClInclude>
    <ClInclude Include="game_scene.h">
      <Filter>GameObject\Scene</Filter>
    </ClInclude>
    <ClInclude Include="title_scene.h">
      <Filter>GameObject\Scene</Filter>
    </ClInclude>
    <ClInclude Include="title_polygon.h">
      <Filter>GameObject\TitleSceneObject</Filter>
    </ClInclude>
    <ClInclude Include="enemy_interface.h">
      <Filter>GameObject\ComponentObject\Enemy</Filter>
    </ClInclude>
    <ClInclude Include="enemy.h">
      <Filter>GameObject\ComponentObject\Enemy</Filter>
    </ClInclude>
    <ClInclude Include="effect_explosion.h">
      <Filter>GameObject\Object\GameSceneObject\Effect</Filter>
    </ClInclude>
    <ClInclude Include="result_scene.h">
      <Filter>GameObject\Scene</Filter>
    </ClInclude>
    <ClInclude Include="cylinder.h">
      <Filter>GameObject\Object\GameSceneObject\StageObjects</Filter>
    </ClInclude>
    <ClInclude Include="shadow.h">
      <Filter>GameObject\Object\GameSceneObject\StageObjects</Filter>
    </ClInclude>
    <ClInclude Include="bullet.h">
      <Filter>GameObject\Object\GameSceneObject\MoveObjects\Bullet</Filter>
    </ClInclude>
    <ClInclude Include="shoot_bullet.h">
      <Filter>GameObject\Object\GameSceneObject\MoveObjects\Bullet</Filter>
    </ClInclude>
    <ClInclude Include="shoot_bullet_amass.h">
      <Filter>GameObject\Object\GameSceneObject\MoveObjects\Bullet</Filter>
    </ClInclude>
    <ClInclude Include="shoot_bullet_idle.h">
      <Filter>GameObject\Object\GameSceneObject\MoveObjects\Bullet</Filter>
    </ClInclude>
    <ClInclude Include="shoot_bullet_shoot.h">
      <Filter>GameObject\Object\GameSceneObject\MoveObjects\Bullet</Filter>
    </ClInclude>
    <ClInclude Include="ui_charge.h">
      <Filter>GameObject\UI</Filter>
    </ClInclude>
    <ClInclude Include="ui_score.h">
      <Filter>GameObject\UI</Filter>
    </ClInclude>
    <ClInclude Include="user_interface.h">
      <Filter>GameObject\UI</Filter>
    </ClInclude>
    <ClInclude Include="matrix_component.h">
      <Filter>GameObject\Component\Draw</Filter>
    </ClInclude>
    <ClInclude Include="model_draw_component.h">
      <Filter>GameObject\Component\Draw</Filter>
    </ClInclude>
    <ClInclude Include="shader_component.h">
      <Filter>GameObject\Component\Draw</Filter>
    </ClInclude>
    <ClInclude Include="imgui\imconfig.h">
      <Filter>System\ImGui</Filter>
    </ClInclude>
    <ClInclude Include="imgui\imgui.h">
      <Filter>System\ImGui</Filter>
    </ClInclude>
    <ClInclude Include="imgui\imgui_internal.h">
      <Filter>System\ImGui</Filter>
    </ClInclude>
    <ClInclude Include="imgui\backends\imgui_impl_dx11.h">
      <Filter>System\ImGui\backend</Filter>
    </ClInclude>
    <ClInclude Include="imgui\backends\imgui_impl_win32.h">
      <Filter>System\ImGui\backend</Filter>
    </ClInclude>
    <ClInclude Include="stage_limit_delete_component.h">
      <Filter>GameObject\Component\Function</Filter>
    </ClInclude>
    <ClInclude Include="transform_init.h">
      <Filter>GameObject\Component\Function</Filter>
    </ClInclude>
    <ClInclude Include="user_interface_animation.h">
      <Filter>GameObject\UI</Filter>
    </ClInclude>
    <ClInclude Include="blink_scale_component.h">
      <Filter>GameObject\Component\Function</Filter>
    </ClInclude>
    <ClInclude Include="imgui_component.h">
      <Filter>GameObject\Component\Draw</Filter>
    </ClInclude>
    <ClInclude Include="model_variable.h">
      <Filter>ResourceManager</Filter>
    </ClInclude>
    <ClInclude Include="collision_component.h">
      <Filter>GameObject\Component\Collision</Filter>
    </ClInclude>
    <ClInclude Include="collision_component_bullet.h">
      <Filter>GameObject\Component\Collision</Filter>
    </ClInclude>
    <ClInclude Include="tracking_component.h">
      <Filter>GameObject\Component\Function</Filter>
    </ClInclude>
    <ClInclude Include="blink_alpha2d_component.h">
      <Filter>GameObject\Component\UI\2D</Filter>
    </ClInclude>
    <ClInclude Include="rotate2d_component.h">
      <Filter>GameObject\Component\UI\2D</Filter>
    </ClInclude>
    <ClInclude Include="polygon3d_component.h">
      <Filter>GameObject\Component\UI\3D</Filter>
    </ClInclude>
    <ClInclude Include="model_color_change_component.h">
      <Filter>GameObject\Component\UI\3D</Filter>
    </ClInclude>
    <ClInclude Include="ModelColorChangeComponent_Titlebg.h">
      <Filter>GameObject\Component\UI\3D</Filter>
    </ClInclude>
    <ClInclude Include="vertex_change_component.h">
      <Filter>GameObject\Component\UI\2D</Filter>
    </ClInclude>
    <ClInclude Include="vertex_changer_color_component.h">
      <Filter>GameObject\Component\UI\3D</Filter>
    </ClInclude>
    <ClInclude Include="vertex_change_to_game_component.h">
      <Filter>GameObject\Component\UI\3D</Filter>
    </ClInclude>
    <ClInclude Include="user_interface_component.h">
      <Filter>GameObject\Component\UI\2D</Filter>
    </ClInclude>
    <ClInclude Include="co_3dpolygon_test.h">
      <Filter>GameObject\ComponentObject\3D</Filter>
    </ClInclude>
    <ClInclude Include="co_3dpolygon_circle.h">
      <Filter>GameObject\ComponentObject\3D</Filter>
    </ClInclude>
    <ClInclude Include="co_confirmation.h">
      <Filter>GameObject\ComponentObject\2D</Filter>
    </ClInclude>
    <ClInclude Include="co_title_background.h">
      <Filter>GameObject\ComponentObject\3D</Filter>
    </ClInclude>
    <ClInclude Include="co_to_exit.h">
      <Filter>GameObject\ComponentObject\3D</Filter>
    </ClInclude>
    <ClInclude Include="co_to_game.h">
      <Filter>GameObject\ComponentObject\3D</Filter>
    </ClInclude>
    <ClInclude Include="co_torii_block.h">
      <Filter>GameObject\ComponentObject\3D</Filter>
    </ClInclude>
    <ClInclude Include="co_ui_aimling.h">
      <Filter>GameObject\ComponentObject\2D</Filter>
    </ClInclude>
    <ClInclude Include="component_object_test.h">
      <Filter>GameObject\ComponentObject\3D</Filter>
    </ClInclude>
    <ClInclude Include="transition.h">
      <Filter>GameObject\Scene</Filter>
    </ClInclude>
    <ClInclude Include="enemy_wave_1_1.h">
      <Filter>GameObject\ComponentObject\Enemy</Filter>
    </ClInclude>
    <ClInclude Include="enemy_generate.h">
      <Filter>GameObject\ComponentObject\Enemy</Filter>
    </ClInclude>
    <ClInclude Include="enemy_wave.h">
      <Filter>GameObject\ComponentObject\Enemy</Filter>
    </ClInclude>
    <ClInclude Include="enemy_wave_1_2.h">
      <Filter>GameObject\ComponentObject\Enemy</Filter>
    </ClInclude>
    <ClInclude Include="enemy_wave_1_3.h">
      <Filter>GameObject\ComponentObject\Enemy</Filter>
    </ClInclude>
    <ClInclude Include="enemy_wave_2_1.h">
      <Filter>GameObject\ComponentObject\Enemy</Filter>
    </ClInclude>
    <ClInclude Include="enemy_wave_2_2.h">
      <Filter>GameObject\ComponentObject\Enemy</Filter>
    </ClInclude>
    <ClInclude Include="enemy_wave_2_3.h">
      <Filter>GameObject\ComponentObject\Enemy</Filter>
    </ClInclude>
    <ClInclude Include="enemy_wave_3_all.h">
      <Filter>GameObject\ComponentObject\Enemy</Filter>
    </ClInclude>
    <ClInclude Include="game_scene3.h">
      <Filter>GameObject\Scene</Filter>
    </ClInclude>
    <ClInclude Include="game_scene2.h">
      <Filter>GameObject\Scene</Filter>
    </ClInclude>
    <ClInclude Include="collision_component_player.h">
      <Filter>GameObject\Component\Collision</Filter>
    </ClInclude>
    <ClInclude Include="defeat_scene.h">
      <Filter>GameObject\Scene</Filter>
    </ClInclude>
    <ClInclude Include="co_ui_select.h">
      <Filter>GameObject\ComponentObject\2D</Filter>
    </ClInclude>
    <ClInclude Include="co_ui_default.h">
      <Filter>GameObject\ComponentObject\2D</Filter>
    </ClInclude>
    <ClInclude Include="co_ui_dot.h">
      <Filter>GameObject\ComponentObject\2D</Filter>
    </ClInclude>
    <ClInclude Include="co_ui_line.h">
      <Filter>GameObject\ComponentObject\2D</Filter>
    </ClInclude>
    <ClInclude Include="co_ui_player_hp_gauge.h">
      <Filter>GameObject\ComponentObject\2D</Filter>
    </ClInclude>
    <ClInclude Include="co_ui_quest.h">
      <Filter>GameObject\ComponentObject\2D</Filter>
    </ClInclude>
    <ClInclude Include="co_ui_quest_belt.h">
      <Filter>GameObject\ComponentObject\2D</Filter>
    </ClInclude>
    <ClInclude Include="co_ui_quest_purpose.h">
      <Filter>GameObject\ComponentObject\2D</Filter>
    </ClInclude>
    <ClInclude Include="co_bow.h">
      <Filter>GameObject\ComponentObject\3D</Filter>
    </ClInclude>
    <ClInclude Include="co_stand.h">
      <Filter>GameObject\ComponentObject\3D</Filter>
    </ClInclude>
    <ClInclude Include="co_torii_broken.h">
      <Filter>GameObject\ComponentObject\3D</Filter>
    </ClInclude>
    <ClInclude Include="co_enemy_wave.h">
      <Filter>GameObject\ComponentObject\Enemy</Filter>
    </ClInclude>
    <ClInclude Include="stage_limit_reflect_component.h">
      <Filter>GameObject\Component\Function</Filter>
    </ClInclude>
    <ClInclude Include="co_select.h">
      <Filter>GameObject\ComponentObject\2D</Filter>
    </ClInclude>
    <ClInclude Include="audio.h">
      <Filter>System\Main</Filter>
    </ClInclude>
    <ClInclude Include="input.h">
      <Filter>System\Main</Filter>
    </ClInclude>
    <ClInclude Include="main.h">
      <Filter>System\Main</Filter>
    </ClInclude>
    <ClInclude Include="manager.h">
      <Filter>System\Main</Filter>
    </ClInclude>
    <ClInclude Include="renderer.h">
      <Filter>System\Main</Filter>
    </ClInclude>
    <ClInclude Include="co_noise.h">
      <Filter>GameObject\ComponentObject\3D</Filter>
    </ClInclude>
    <ClInclude Include="co_title_object.h">
      <Filter>GameObject\ComponentObject\3D</Filter>
    </ClInclude>
    <ClInclude Include="co_ui_tutorial.h">
      <Filter>GameObject\ComponentObject\2D</Filter>
    </ClInclude>
    <ClInclude Include="co_ui_tutorial_move.h">
      <Filter>GameObject\ComponentObject\2D</Filter>
    </ClInclude>
    <ClInclude Include="co_ui_tutorial_move2.h">
      <Filter>GameObject\ComponentObject\2D</Filter>
    </ClInclude>
    <ClInclude Include="exit_scene.h">
      <Filter>GameObject\Scene</Filter>
    </ClInclude>
    <ClInclude Include="collision_component_enemy.h">
      <Filter>GameObject\Component\Collision</Filter>
    </ClInclude>
    <ClInclude Include="random_jump_component.h">
      <Filter>GameObject\Component\Function</Filter>
    </ClInclude>
    <ClInclude Include="random_velocity_component.h">
      <Filter>GameObject\Component\Function</Filter>
    </ClInclude>
    <ClInclude Include="gravity_component.h">
      <Filter>GameObject\Component\Function</Filter>
    </ClInclude>
    <ClInclude Include="hp_component.h">
      <Filter>GameObject\Component\Utility</Filter>
    </ClInclude>
    <ClInclude Include="component.h">
      <Filter>GameObject\Component\main</Filter>
    </ClInclude>
    <ClInclude Include="component_object.h">
      <Filter>GameObject\Component\main</Filter>
    </ClInclude>
    <ClInclude Include="count_component.h">
      <Filter>GameObject\Component\Utility</Filter>
    </ClInclude>
    <ClInclude Include="jump_component.h">
      <Filter>GameObject\Component\Function</Filter>
    </ClInclude>
    <ClInclude Include="bullet_component.h">
      <Filter>GameObject\Component\Special</Filter>
    </ClInclude>
    <ClInclude Include="player_rotate_component.h">
      <Filter>GameObject\Component\Special</Filter>
    </ClInclude>
    <ClInclude Include="monochrome_component.h">
      <Filter>GameObject\Component\Special</Filter>
    </ClInclude>
    <ClInclude Include="shoot_bullet_component.h">
      <Filter>GameObject\Component\Special</Filter>
    </ClInclude>
    <ClInclude Include="stage_limit_component.h">
      <Filter>GameObject\Component\Function</Filter>
    </ClInclude>
    <ClInclude Include="result_polygon.h">
      <Filter>System\First</Filter>
    </ClInclude>
    <ClInclude Include="imgui_object.h">
      <Filter>System\MyImGui</Filter>
    </ClInclude>
    <ClInclude Include="imgui_object_title.h">
      <Filter>System\MyImGui</Filter>
    </ClInclude>
    <ClInclude Include="polygon2d.h">
      <Filter>System\First</Filter>
    </ClInclude>
    <ClInclude Include="particle_object_2d.h">
      <Filter>GameObject\Particle</Filter>
    </ClInclude>
    <ClInclude Include="particle_object.h">
      <Filter>GameObject\Particle</Filter>
    </ClInclude>
    <ClInclude Include="my_math.h">
      <Filter>Utility</Filter>
    </ClInclude>
    <ClInclude Include="vertex_initialize.h">
      <Filter>Utility</Filter>
    </ClInclude>
    <ClInclude Include="circle_deploy.h">
      <Filter>Utility</Filter>
    </ClInclude>
    <ClInclude Include="stage_include.h">
      <Filter>Utility</Filter>
    </ClInclude>
    <ClInclude Include="collision.h">
      <Filter>System\Garbage</Filter>
    </ClInclude>
    <ClInclude Include="cube2d.h">
      <Filter>System\Garbage</Filter>
    </ClInclude>
    <ClInclude Include="animation_model.h">
      <Filter>ResourceManager</Filter>
    </ClInclude>
    <ClInclude Include="animation_model_component.h">
      <Filter>GameObject\Component\Draw</Filter>
    </ClInclude>
    <ClInclude Include="my_imgui.h">
      <Filter>System\MyImGui</Filter>
    </ClInclude>
    <ClInclude Include="prism.h">
      <Filter>GameObject</Filter>
    </ClInclude>
    <ClInclude Include="rendering_texture.h">
      <Filter>GameObject</Filter>
    </ClInclude>
    <ClInclude Include="switching_renderer.h">
      <Filter>GameObject</Filter>
    </ClInclude>
    <ClInclude Include="co_animation_model_test.h">
      <Filter>GameObject\ComponentObject\3D</Filter>
    </ClInclude>
    <ClInclude Include="co_mesh_field.h">
      <Filter>GameObject\ComponentObject\3D</Filter>
    </ClInclude>
    <ClInclude Include="debug_scene.h">
      <Filter>GameObject\Scene</Filter>
    </ClInclude>
    <ClInclude Include="factory.h">
      <Filter>GameObject\factory</Filter>
    </ClInclude>
    <ClInclude Include="ui_factory.h">
      <Filter>GameObject\factory</Filter>
    </ClInclude>
    <ClInclude Include="player_factory.h">
      <Filter>GameObject\factory</Filter>
    </ClInclude>
    <ClInclude Include="resource1.h">
      <Filter>GameObject</Filter>
    </ClInclude>
    <ClInclude Include="extend_fanction.h">
      <Filter>リソース ファイル</Filter>
    </ClInclude>
    <ClInclude Include="GameObject_Invoke.h">
      <Filter>GameObject</Filter>
    </ClInclude>
    <ClInclude Include="ImGuiComponent_Enemy.h">
      <Filter>GameObject</Filter>
    </ClInclude>
    <ClInclude Include="Singleton.h">
      <Filter>GameObject</Filter>
    </ClInclude>
    <ClInclude Include="confirmation_component.h">
      <Filter>GameObject\Component\UI\2D</Filter>
    </ClInclude>
    <ClInclude Include="blink_component.h">
      <Filter>GameObject\Component\UI\2D</Filter>
    </ClInclude>
    <ClInclude Include="velocity_component.h">
      <Filter>GameObject\Component\Function</Filter>
    </ClInclude>
    <ClInclude Include="stdafx.h">
      <Filter>リソース ファイル</Filter>
    </ClInclude>
    <ClInclude Include="texture_compoennt.h">
      <Filter>GameObject\Component\Draw</Filter>
    </ClInclude>
    <ClInclude Include="loading_scene.h">
      <Filter>GameObject</Filter>
    </ClInclude>
    <ClInclude Include="shader_include.h">
      <Filter>GameObject</Filter>
    </ClInclude>
    <ClInclude Include="co_prism.h">
      <Filter>GameObject</Filter>
    </ClInclude>
    <ClInclude Include="enemy_factory.h">
      <Filter>GameObject\factory</Filter>
    </ClInclude>
    <ClInclude Include="prism_factory.h">
      <Filter>GameObject</Filter>
    </ClInclude>
    <ClInclude Include="blink_position_component.h">
      <Filter>GameObject</Filter>
    </ClInclude>
    <ClInclude Include="serealize_archive.h">
      <Filter>Utility</Filter>
    </ClInclude>
    <ClInclude Include="chain_of_responsibility.h">
      <Filter>System</Filter>
    </ClInclude>
    <ClInclude Include="co_noise_circle.h">
      <Filter>GameObject</Filter>
    </ClInclude>
    <ClInclude Include="state_machine.h">
      <Filter>GameObject</Filter>
    </ClInclude>
    <ClInclude Include="co_stealth.h">
      <Filter>GameObject</Filter>
    </ClInclude>
    <ClInclude Include="shader_resource_view_component.h">
      <Filter>GameObject</Filter>
    </ClInclude>
  </ItemGroup>
  <ItemGroup>
    <FxCompile Include="common.hlsl">
      <Filter>Shader</Filter>
    </FxCompile>
    <FxCompile Include="post_effect_blur_ps.hlsl">
      <Filter>Shader\rendering_texture</Filter>
    </FxCompile>
    <FxCompile Include="post_effect_blur_x_vs.hlsl">
      <Filter>Shader\rendering_texture</Filter>
    </FxCompile>
    <FxCompile Include="post_effect_blur_y_vs.hlsl">
      <Filter>Shader\rendering_texture</Filter>
    </FxCompile>
    <FxCompile Include="rendering_texture_ps.hlsl">
      <Filter>Shader\rendering_texture</Filter>
    </FxCompile>
    <FxCompile Include="rendering_texture_vs.hlsl">
      <Filter>Shader\rendering_texture</Filter>
    </FxCompile>
    <FxCompile Include="vertexLightingVS.hlsl">
      <Filter>Shader\base</Filter>
    </FxCompile>
    <FxCompile Include="unlitTextureNoMat.hlsl">
      <Filter>Shader\base</Filter>
    </FxCompile>
    <FxCompile Include="unlitTexturePS.hlsl">
      <Filter>Shader\base</Filter>
    </FxCompile>
    <FxCompile Include="unlitTextureVS.hlsl">
      <Filter>Shader\base</Filter>
    </FxCompile>
    <FxCompile Include="vertexLightingPS.hlsl">
      <Filter>Shader\base</Filter>
    </FxCompile>
    <FxCompile Include="testPS.hlsl">
      <Filter>Shader\base</Filter>
    </FxCompile>
    <FxCompile Include="testVS.hlsl">
      <Filter>Shader\base</Filter>
    </FxCompile>
    <FxCompile Include="MeshFieldPS.hlsl">
      <Filter>Shader\base</Filter>
    </FxCompile>
    <FxCompile Include="MeshFieldVS.hlsl">
      <Filter>Shader\base</Filter>
    </FxCompile>
    <FxCompile Include="PixelLightingPS.hlsl">
      <Filter>Shader\base</Filter>
    </FxCompile>
    <FxCompile Include="PixelLightingVS.hlsl">
      <Filter>Shader\base</Filter>
    </FxCompile>
    <FxCompile Include="noise_circle_ps.hlsl">
      <Filter>Shader\noise</Filter>
    </FxCompile>
    <FxCompile Include="noise_circle_vs.hlsl">
      <Filter>Shader\noise</Filter>
    </FxCompile>
    <FxCompile Include="enemy_ps.hlsl">
      <Filter>Shader\enemy</Filter>
    </FxCompile>
    <FxCompile Include="enemy_vs.hlsl">
      <Filter>Shader\enemy</Filter>
    </FxCompile>
    <FxCompile Include="env_mapping_ps.hlsl">
      <Filter>Shader\base\environment</Filter>
    </FxCompile>
    <FxCompile Include="env_mapping_select_ps.hlsl">
      <Filter>Shader\base\environment</Filter>
    </FxCompile>
    <FxCompile Include="env_mapping_vs.hlsl">
      <Filter>Shader\base\environment</Filter>
    </FxCompile>
    <FxCompile Include="luminance_ps.hlsl">
      <Filter>Shader\rendering_texture</Filter>
    </FxCompile>
    <FxCompile Include="ParticlePS.hlsl">
      <Filter>Shader</Filter>
    </FxCompile>
    <FxCompile Include="StealthPS.hlsl">
      <Filter>Shader</Filter>
    </FxCompile>
    <FxCompile Include="StealthVS.hlsl">
      <Filter>Shader</Filter>
    </FxCompile>
  </ItemGroup>
  <ItemGroup>
    <Natvis Include="imgui\misc\debuggers\imgui.natvis">
      <Filter>System\ImGui\backend</Filter>
    </Natvis>
  </ItemGroup>
  <ItemGroup>
    <None Include="テキスト.md">
      <Filter>リソース ファイル</Filter>
    </None>
  </ItemGroup>
</Project>