<?xml version="1.0" encoding="utf-8"?>
<Project ToolsVersion="4.0" xmlns="http://schemas.microsoft.com/developer/msbuild/2003">
  <ItemGroup>
    <Filter Include="リソース ファイル">
      <UniqueIdentifier>{67DA6AB6-F800-4c08-8B7A-83BB121AAD01}</UniqueIdentifier>
      <Extensions>rc;ico;cur;bmp;dlg;rc2;rct;bin;rgs;gif;jpg;jpeg;jpe;resx;tiff;tif;png;wav;mfcribbon-ms</Extensions>
    </Filter>
    <Filter Include="Shader">
      <UniqueIdentifier>{bc885f7f-9621-478f-8043-71e1d7e3ad9b}</UniqueIdentifier>
    </Filter>
    <Filter Include="System">
      <UniqueIdentifier>{4FC737F1-C7A5-4376-A066-2A32D752A2FF}</UniqueIdentifier>
      <Extensions>cpp;c;cc;cxx;c++;cppm;ixx;def;odl;idl;hpj;bat;asm;asmx</Extensions>
    </Filter>
    <Filter Include="GameObject">
      <UniqueIdentifier>{93995380-89BD-4b04-88EB-625FBE52EBFB}</UniqueIdentifier>
      <Extensions>h;hh;hpp;hxx;h++;hm;inl;inc;ipp;xsd</Extensions>
    </Filter>
    <Filter Include="Singleton">
      <UniqueIdentifier>{62a74c0c-8dbd-471d-b38b-d2c3237ed247}</UniqueIdentifier>
    </Filter>
    <Filter Include="ResourceManager">
      <UniqueIdentifier>{6deee311-f715-4106-93ed-719def8ea8d3}</UniqueIdentifier>
    </Filter>
    <Filter Include="GameObject\StageObjects">
      <UniqueIdentifier>{5a56da16-3bde-4a78-8040-cba5d356de23}</UniqueIdentifier>
    </Filter>
    <Filter Include="GameObject\MoveObjects">
      <UniqueIdentifier>{272c1c9e-e7ea-41b3-a582-d7d161613376}</UniqueIdentifier>
    </Filter>
    <Filter Include="GameObject\MainObjects">
      <UniqueIdentifier>{b99f1c4a-de82-4cd6-ab1b-87a06bffeae2}</UniqueIdentifier>
    </Filter>
  </ItemGroup>
  <ItemGroup>
    <ClCompile Include="main.cpp">
      <Filter>System</Filter>
    </ClCompile>
    <ClCompile Include="manager.cpp">
      <Filter>System</Filter>
    </ClCompile>
    <ClCompile Include="renderer.cpp">
      <Filter>System</Filter>
    </ClCompile>
    <ClCompile Include="input.cpp">
      <Filter>System</Filter>
    </ClCompile>
    <ClCompile Include="Singleton.cpp">
      <Filter>Singleton</Filter>
    </ClCompile>
    <ClCompile Include="polygon2D.cpp">
      <Filter>System</Filter>
    </ClCompile>
    <ClCompile Include="pointLight.cpp">
      <Filter>System</Filter>
    </ClCompile>
    <ClCompile Include="Light.cpp">
      <Filter>System</Filter>
    </ClCompile>
    <ClCompile Include="texture.cpp">
      <Filter>ResourceManager</Filter>
    </ClCompile>
    <ClCompile Include="model.cpp">
      <Filter>ResourceManager</Filter>
    </ClCompile>
    <ClCompile Include="vertexShader.cpp">
      <Filter>ResourceManager</Filter>
    </ClCompile>
    <ClCompile Include="pixelShader.cpp">
      <Filter>System</Filter>
    </ClCompile>
    <ClCompile Include="ao_Sphere.cpp">
      <Filter>GameObject\StageObjects</Filter>
    </ClCompile>
    <ClCompile Include="field.cpp">
      <Filter>GameObject\StageObjects</Filter>
    </ClCompile>
    <ClCompile Include="stage_corridor.cpp">
      <Filter>GameObject\StageObjects</Filter>
    </ClCompile>
    <ClCompile Include="bullet.cpp">
      <Filter>GameObject\MoveObjects</Filter>
    </ClCompile>
    <ClCompile Include="Enemy.cpp">
      <Filter>GameObject\MoveObjects</Filter>
    </ClCompile>
    <ClCompile Include="Item.cpp">
      <Filter>GameObject\MoveObjects</Filter>
    </ClCompile>
    <ClCompile Include="camera.cpp">
      <Filter>GameObject\MainObjects</Filter>
    </ClCompile>
    <ClCompile Include="player.cpp">
      <Filter>GameObject\MainObjects</Filter>
    </ClCompile>
    <ClCompile Include="stage_corridor_corner.cpp">
      <Filter>GameObject\StageObjects</Filter>
    </ClCompile>
    <ClCompile Include="stage_otorii.cpp">
      <Filter>GameObject\StageObjects</Filter>
    </ClCompile>
    <ClCompile Include="stage_wator_field.cpp">
      <Filter>GameObject\StageObjects</Filter>
    </ClCompile>
    <ClCompile Include="Effect_explosion.cpp">
      <Filter>System</Filter>
    </ClCompile>
    <ClCompile Include="Enemy_Interface.cpp">
      <Filter>System</Filter>
    </ClCompile>
    <ClCompile Include="BaseScene.cpp">
      <Filter>System</Filter>
    </ClCompile>
    <ClCompile Include="Cube2D.cpp">
      <Filter>System</Filter>
    </ClCompile>
  </ItemGroup>
  <ItemGroup>
    <ClInclude Include="main.h">
      <Filter>System</Filter>
    </ClInclude>
    <ClInclude Include="manager.h">
      <Filter>System</Filter>
    </ClInclude>
    <ClInclude Include="renderer.h">
      <Filter>System</Filter>
    </ClInclude>
    <ClInclude Include="input.h">
      <Filter>System</Filter>
    </ClInclude>
    <ClInclude Include="Singleton.h">
      <Filter>Singleton</Filter>
    </ClInclude>
    <ClInclude Include="polygon2D.h">
      <Filter>System</Filter>
    </ClInclude>
    <ClInclude Include="ResourceManager.h">
      <Filter>ResourceManager</Filter>
    </ClInclude>
    <ClInclude Include="Resource.h">
      <Filter>ResourceManager</Filter>
    </ClInclude>
    <ClInclude Include="texture.h">
      <Filter>ResourceManager</Filter>
    </ClInclude>
    <ClInclude Include="model.h">
      <Filter>ResourceManager</Filter>
    </ClInclude>
    <ClInclude Include="vertexShader.h">
      <Filter>ResourceManager</Filter>
    </ClInclude>
    <ClInclude Include="ao_Sphere.h">
      <Filter>GameObject\StageObjects</Filter>
    </ClInclude>
    <ClInclude Include="field.h">
      <Filter>GameObject\StageObjects</Filter>
    </ClInclude>
    <ClInclude Include="stage_corridor.h">
      <Filter>GameObject\StageObjects</Filter>
    </ClInclude>
    <ClInclude Include="stage_corridor_corner.h">
      <Filter>GameObject\StageObjects</Filter>
    </ClInclude>
    <ClInclude Include="stage_otorii.h">
      <Filter>GameObject\StageObjects</Filter>
    </ClInclude>
    <ClInclude Include="stage_wator_field.h">
      <Filter>GameObject\StageObjects</Filter>
    </ClInclude>
    <ClInclude Include="pixelShader.h">
      <Filter>ResourceManager</Filter>
    </ClInclude>
    <ClInclude Include="Bullet.h">
      <Filter>GameObject\MoveObjects</Filter>
    </ClInclude>
    <ClInclude Include="Enemy.h">
      <Filter>GameObject\MoveObjects</Filter>
    </ClInclude>
    <ClInclude Include="Item.h">
      <Filter>GameObject\MoveObjects</Filter>
    </ClInclude>
    <ClInclude Include="camera.h">
      <Filter>GameObject\MainObjects</Filter>
    </ClInclude>
    <ClInclude Include="gameObject.h">
      <Filter>GameObject\MainObjects</Filter>
    </ClInclude>
    <ClInclude Include="Light.h">
      <Filter>GameObject\MainObjects</Filter>
    </ClInclude>
    <ClInclude Include="player.h">
      <Filter>GameObject\MainObjects</Filter>
    </ClInclude>
    <ClInclude Include="pointLight.h">
      <Filter>GameObject\MainObjects</Filter>
    </ClInclude>
    <ClInclude Include="effect_explosion.h">
      <Filter>GameObject</Filter>
    </ClInclude>
    <ClInclude Include="stage_include.h">
      <Filter>GameObject</Filter>
    </ClInclude>
    <ClInclude Include="EnemyFactory.h">
      <Filter>GameObject</Filter>
    </ClInclude>
    <ClInclude Include="Enemy_Interface.h">
      <Filter>GameObject</Filter>
    </ClInclude>
    <ClInclude Include="BaseScene.h">
      <Filter>GameObject</Filter>
    </ClInclude>
    <ClInclude Include="scene.h">
      <Filter>GameObject</Filter>
    </ClInclude>
    <ClInclude Include="Cube2D.h">
      <Filter>GameObject</Filter>
    </ClInclude>
  </ItemGroup>
  <ItemGroup>
    <FxCompile Include="common.hlsl">
      <Filter>Shader</Filter>
    </FxCompile>
    <FxCompile Include="unlitTexturePS.hlsl">
      <Filter>Shader</Filter>
    </FxCompile>
    <FxCompile Include="unlitTextureVS.hlsl">
      <Filter>Shader</Filter>
    </FxCompile>
    <FxCompile Include="vertexLightingPS.hlsl">
      <Filter>Shader</Filter>
    </FxCompile>
    <FxCompile Include="vertexLightingVS.hlsl">
      <Filter>Shader</Filter>
    </FxCompile>
    <FxCompile Include="testVS.hlsl">
      <Filter>Shader</Filter>
    </FxCompile>
    <FxCompile Include="testPS.hlsl">
      <Filter>Shader</Filter>
    </FxCompile>
  </ItemGroup>
</Project>